// !$*UTF8*$!
{
	archiveVersion = 1;
	classes = {
	};
	objectVersion = 46;
	objects = {

/* Begin PBXBuildFile section */
		6CBFB10A0B50501CC26EF9AB /* Pods_xkcd.framework in Frameworks */ = {isa = PBXBuildFile; fileRef = 0FE2301511A3FE2E1769263C /* Pods_xkcd.framework */; };
		730787A51F42C3D400E2CF4A /* AppDelegate.swift in Sources */ = {isa = PBXBuildFile; fileRef = 730787A41F42C3D400E2CF4A /* AppDelegate.swift */; };
		730787A71F42C3D400E2CF4A /* ViewController.swift in Sources */ = {isa = PBXBuildFile; fileRef = 730787A61F42C3D400E2CF4A /* ViewController.swift */; };
		730787AA1F42C3D400E2CF4A /* Main.storyboard in Resources */ = {isa = PBXBuildFile; fileRef = 730787A81F42C3D400E2CF4A /* Main.storyboard */; };
		730787AC1F42C3D400E2CF4A /* Assets.xcassets in Resources */ = {isa = PBXBuildFile; fileRef = 730787AB1F42C3D400E2CF4A /* Assets.xcassets */; };
		730787AF1F42C3D400E2CF4A /* LaunchScreen.storyboard in Resources */ = {isa = PBXBuildFile; fileRef = 730787AD1F42C3D400E2CF4A /* LaunchScreen.storyboard */; };
		730787B71F42C7A900E2CF4A /* APIDataHelper.swift in Sources */ = {isa = PBXBuildFile; fileRef = 730787B61F42C7A900E2CF4A /* APIDataHelper.swift */; };
		730787B91F42CD0200E2CF4A /* ComicModel.swift in Sources */ = {isa = PBXBuildFile; fileRef = 730787B81F42CD0200E2CF4A /* ComicModel.swift */; };
		730787BD1F43D57200E2CF4A /* ComicHelper.swift in Sources */ = {isa = PBXBuildFile; fileRef = 730787BC1F43D57200E2CF4A /* ComicHelper.swift */; };
		730787BF1F44172D00E2CF4A /* ViewController2.swift in Sources */ = {isa = PBXBuildFile; fileRef = 730787BE1F44172D00E2CF4A /* ViewController2.swift */; };
		737B17701F969103006ED75A /* Reachability.swift in Sources */ = {isa = PBXBuildFile; fileRef = 737B176F1F969103006ED75A /* Reachability.swift */; };
		73A4AC151F7AADC000E7D163 /* SideMenuController.swift in Sources */ = {isa = PBXBuildFile; fileRef = 73A4AC141F7AADC000E7D163 /* SideMenuController.swift */; };
		73A4AC171F7AB15B00E7D163 /* UITableViewVibrantCell.swift in Sources */ = {isa = PBXBuildFile; fileRef = 73A4AC161F7AB15B00E7D163 /* UITableViewVibrantCell.swift */; };
		73A4AC191F7B0A8F00E7D163 /* SaveComicModel.swift in Sources */ = {isa = PBXBuildFile; fileRef = 73A4AC181F7B0A8F00E7D163 /* SaveComicModel.swift */; };
		73E8E03D1F79C737000B1FE5 /* CustomCellTableViewCell.swift in Sources */ = {isa = PBXBuildFile; fileRef = 73E8E03C1F79C737000B1FE5 /* CustomCellTableViewCell.swift */; };
		73E8E03F1F79C850000B1FE5 /* CustomTableController.swift in Sources */ = {isa = PBXBuildFile; fileRef = 73E8E03E1F79C850000B1FE5 /* CustomTableController.swift */; };
/* End PBXBuildFile section */

/* Begin PBXFileReference section */
		0FE2301511A3FE2E1769263C /* Pods_xkcd.framework */ = {isa = PBXFileReference; explicitFileType = wrapper.framework; includeInIndex = 0; path = Pods_xkcd.framework; sourceTree = BUILT_PRODUCTS_DIR; };
		730787A11F42C3D400E2CF4A /* xkcd.app */ = {isa = PBXFileReference; explicitFileType = wrapper.application; includeInIndex = 0; path = xkcd.app; sourceTree = BUILT_PRODUCTS_DIR; };
		730787A41F42C3D400E2CF4A /* AppDelegate.swift */ = {isa = PBXFileReference; lastKnownFileType = sourcecode.swift; path = AppDelegate.swift; sourceTree = "<group>"; };
		730787A61F42C3D400E2CF4A /* ViewController.swift */ = {isa = PBXFileReference; lastKnownFileType = sourcecode.swift; path = ViewController.swift; sourceTree = "<group>"; };
		730787A91F42C3D400E2CF4A /* Base */ = {isa = PBXFileReference; lastKnownFileType = file.storyboard; name = Base; path = Base.lproj/Main.storyboard; sourceTree = "<group>"; };
		730787AB1F42C3D400E2CF4A /* Assets.xcassets */ = {isa = PBXFileReference; lastKnownFileType = folder.assetcatalog; path = Assets.xcassets; sourceTree = "<group>"; };
		730787AE1F42C3D400E2CF4A /* Base */ = {isa = PBXFileReference; lastKnownFileType = file.storyboard; name = Base; path = Base.lproj/LaunchScreen.storyboard; sourceTree = "<group>"; };
		730787B01F42C3D400E2CF4A /* Info.plist */ = {isa = PBXFileReference; lastKnownFileType = text.plist.xml; path = Info.plist; sourceTree = "<group>"; };
		730787B61F42C7A900E2CF4A /* APIDataHelper.swift */ = {isa = PBXFileReference; fileEncoding = 4; lastKnownFileType = sourcecode.swift; path = APIDataHelper.swift; sourceTree = "<group>"; };
		730787B81F42CD0200E2CF4A /* ComicModel.swift */ = {isa = PBXFileReference; fileEncoding = 4; lastKnownFileType = sourcecode.swift; path = ComicModel.swift; sourceTree = "<group>"; };
		730787BC1F43D57200E2CF4A /* ComicHelper.swift */ = {isa = PBXFileReference; fileEncoding = 4; lastKnownFileType = sourcecode.swift; path = ComicHelper.swift; sourceTree = "<group>"; };
		730787BE1F44172D00E2CF4A /* ViewController2.swift */ = {isa = PBXFileReference; fileEncoding = 4; lastKnownFileType = sourcecode.swift; path = ViewController2.swift; sourceTree = "<group>"; };
		737B176F1F969103006ED75A /* Reachability.swift */ = {isa = PBXFileReference; lastKnownFileType = sourcecode.swift; path = Reachability.swift; sourceTree = "<group>"; };
		73A4AC141F7AADC000E7D163 /* SideMenuController.swift */ = {isa = PBXFileReference; lastKnownFileType = sourcecode.swift; path = SideMenuController.swift; sourceTree = "<group>"; };
		73A4AC161F7AB15B00E7D163 /* UITableViewVibrantCell.swift */ = {isa = PBXFileReference; lastKnownFileType = sourcecode.swift; path = UITableViewVibrantCell.swift; sourceTree = "<group>"; };
		73A4AC181F7B0A8F00E7D163 /* SaveComicModel.swift */ = {isa = PBXFileReference; lastKnownFileType = sourcecode.swift; path = SaveComicModel.swift; sourceTree = "<group>"; };
		73E8E03C1F79C737000B1FE5 /* CustomCellTableViewCell.swift */ = {isa = PBXFileReference; lastKnownFileType = sourcecode.swift; path = CustomCellTableViewCell.swift; sourceTree = "<group>"; };
		73E8E03E1F79C850000B1FE5 /* CustomTableController.swift */ = {isa = PBXFileReference; lastKnownFileType = sourcecode.swift; path = CustomTableController.swift; sourceTree = "<group>"; };
		94A220B4A4DA1690B868E355 /* Pods-xkcd.release.xcconfig */ = {isa = PBXFileReference; includeInIndex = 1; lastKnownFileType = text.xcconfig; name = "Pods-xkcd.release.xcconfig"; path = "Pods/Target Support Files/Pods-xkcd/Pods-xkcd.release.xcconfig"; sourceTree = "<group>"; };
		A8887094BD002A36FC190303 /* Pods-xkcd.debug.xcconfig */ = {isa = PBXFileReference; includeInIndex = 1; lastKnownFileType = text.xcconfig; name = "Pods-xkcd.debug.xcconfig"; path = "Pods/Target Support Files/Pods-xkcd/Pods-xkcd.debug.xcconfig"; sourceTree = "<group>"; };
/* End PBXFileReference section */

/* Begin PBXFrameworksBuildPhase section */
		7307879E1F42C3D400E2CF4A /* Frameworks */ = {
			isa = PBXFrameworksBuildPhase;
			buildActionMask = 2147483647;
			files = (
				6CBFB10A0B50501CC26EF9AB /* Pods_xkcd.framework in Frameworks */,
			);
			runOnlyForDeploymentPostprocessing = 0;
		};
/* End PBXFrameworksBuildPhase section */

/* Begin PBXGroup section */
		0CCDEC32537EFE419DBFC526 /* Frameworks */ = {
			isa = PBXGroup;
			children = (
				0FE2301511A3FE2E1769263C /* Pods_xkcd.framework */,
			);
			name = Frameworks;
			sourceTree = "<group>";
		};
		730787981F42C3D400E2CF4A = {
			isa = PBXGroup;
			children = (
				730787A31F42C3D400E2CF4A /* xkcd */,
				730787A21F42C3D400E2CF4A /* Products */,
				E6C7D42DA8EFA5CFFC7DF540 /* Pods */,
				0CCDEC32537EFE419DBFC526 /* Frameworks */,
			);
			sourceTree = "<group>";
		};
		730787A21F42C3D400E2CF4A /* Products */ = {
			isa = PBXGroup;
			children = (
				730787A11F42C3D400E2CF4A /* xkcd.app */,
			);
			name = Products;
			sourceTree = "<group>";
		};
		730787A31F42C3D400E2CF4A /* xkcd */ = {
			isa = PBXGroup;
			children = (
				730787A41F42C3D400E2CF4A /* AppDelegate.swift */,
				73E8E03C1F79C737000B1FE5 /* CustomCellTableViewCell.swift */,
				73E8E03E1F79C850000B1FE5 /* CustomTableController.swift */,
				730787A61F42C3D400E2CF4A /* ViewController.swift */,
				730787BE1F44172D00E2CF4A /* ViewController2.swift */,
				737B176F1F969103006ED75A /* Reachability.swift */,
				73A4AC141F7AADC000E7D163 /* SideMenuController.swift */,
				730787A81F42C3D400E2CF4A /* Main.storyboard */,
				73A4AC161F7AB15B00E7D163 /* UITableViewVibrantCell.swift */,
				730787B81F42CD0200E2CF4A /* ComicModel.swift */,
				73A4AC181F7B0A8F00E7D163 /* SaveComicModel.swift */,
				730787B61F42C7A900E2CF4A /* APIDataHelper.swift */,
				730787BC1F43D57200E2CF4A /* ComicHelper.swift */,
				730787AB1F42C3D400E2CF4A /* Assets.xcassets */,
				730787AD1F42C3D400E2CF4A /* LaunchScreen.storyboard */,
				730787B01F42C3D400E2CF4A /* Info.plist */,
			);
			path = xkcd;
			sourceTree = "<group>";
		};
		E6C7D42DA8EFA5CFFC7DF540 /* Pods */ = {
			isa = PBXGroup;
			children = (
				A8887094BD002A36FC190303 /* Pods-xkcd.debug.xcconfig */,
				94A220B4A4DA1690B868E355 /* Pods-xkcd.release.xcconfig */,
			);
			name = Pods;
			sourceTree = "<group>";
		};
/* End PBXGroup section */

/* Begin PBXNativeTarget section */
		730787A01F42C3D400E2CF4A /* xkcd */ = {
			isa = PBXNativeTarget;
			buildConfigurationList = 730787B31F42C3D400E2CF4A /* Build configuration list for PBXNativeTarget "xkcd" */;
			buildPhases = (
				507C5A4BB40D2792A3135134 /* [CP] Check Pods Manifest.lock */,
				7307879D1F42C3D400E2CF4A /* Sources */,
				7307879E1F42C3D400E2CF4A /* Frameworks */,
				7307879F1F42C3D400E2CF4A /* Resources */,
				D587E2DA10CF68495F3E18A9 /* [CP] Embed Pods Frameworks */,
				ED319A05317683F302720453 /* [CP] Copy Pods Resources */,
			);
			buildRules = (
			);
			dependencies = (
			);
			name = xkcd;
			productName = xkcd;
			productReference = 730787A11F42C3D400E2CF4A /* xkcd.app */;
			productType = "com.apple.product-type.application";
		};
/* End PBXNativeTarget section */

/* Begin PBXProject section */
		730787991F42C3D400E2CF4A /* Project object */ = {
			isa = PBXProject;
			attributes = {
				LastSwiftUpdateCheck = 0830;
				LastUpgradeCheck = 0830;
				ORGANIZATIONNAME = "Kevin Cleathero";
				TargetAttributes = {
					730787A01F42C3D400E2CF4A = {
						CreatedOnToolsVersion = 8.3.3;
						DevelopmentTeam = D9SM2E3J2H;
						ProvisioningStyle = Automatic;
					};
				};
			};
			buildConfigurationList = 7307879C1F42C3D400E2CF4A /* Build configuration list for PBXProject "xkcd" */;
			compatibilityVersion = "Xcode 3.2";
			developmentRegion = English;
			hasScannedForEncodings = 0;
			knownRegions = (
				en,
				Base,
			);
			mainGroup = 730787981F42C3D400E2CF4A;
			productRefGroup = 730787A21F42C3D400E2CF4A /* Products */;
			projectDirPath = "";
			projectRoot = "";
			targets = (
				730787A01F42C3D400E2CF4A /* xkcd */,
			);
		};
/* End PBXProject section */

/* Begin PBXResourcesBuildPhase section */
		7307879F1F42C3D400E2CF4A /* Resources */ = {
			isa = PBXResourcesBuildPhase;
			buildActionMask = 2147483647;
			files = (
				730787AF1F42C3D400E2CF4A /* LaunchScreen.storyboard in Resources */,
				730787AC1F42C3D400E2CF4A /* Assets.xcassets in Resources */,
				730787AA1F42C3D400E2CF4A /* Main.storyboard in Resources */,
			);
			runOnlyForDeploymentPostprocessing = 0;
		};
/* End PBXResourcesBuildPhase section */

/* Begin PBXShellScriptBuildPhase section */
		507C5A4BB40D2792A3135134 /* [CP] Check Pods Manifest.lock */ = {
			isa = PBXShellScriptBuildPhase;
			buildActionMask = 2147483647;
			files = (
			);
			inputPaths = (
			);
			name = "[CP] Check Pods Manifest.lock";
			outputPaths = (
			);
			runOnlyForDeploymentPostprocessing = 0;
			shellPath = /bin/sh;
			shellScript = "diff \"${PODS_ROOT}/../Podfile.lock\" \"${PODS_ROOT}/Manifest.lock\" > /dev/null\nif [ $? != 0 ] ; then\n    # print error to STDERR\n    echo \"error: The sandbox is not in sync with the Podfile.lock. Run 'pod install' or update your CocoaPods installation.\" >&2\n    exit 1\nfi\n";
			showEnvVarsInLog = 0;
		};
		D587E2DA10CF68495F3E18A9 /* [CP] Embed Pods Frameworks */ = {
			isa = PBXShellScriptBuildPhase;
			buildActionMask = 2147483647;
			files = (
			);
			inputPaths = (
			);
			name = "[CP] Embed Pods Frameworks";
			outputPaths = (
			);
			runOnlyForDeploymentPostprocessing = 0;
			shellPath = /bin/sh;
			shellScript = "\"${SRCROOT}/Pods/Target Support Files/Pods-xkcd/Pods-xkcd-frameworks.sh\"\n";
			showEnvVarsInLog = 0;
		};
		ED319A05317683F302720453 /* [CP] Copy Pods Resources */ = {
			isa = PBXShellScriptBuildPhase;
			buildActionMask = 2147483647;
			files = (
			);
			inputPaths = (
			);
			name = "[CP] Copy Pods Resources";
			outputPaths = (
			);
			runOnlyForDeploymentPostprocessing = 0;
			shellPath = /bin/sh;
			shellScript = "\"${SRCROOT}/Pods/Target Support Files/Pods-xkcd/Pods-xkcd-resources.sh\"\n";
			showEnvVarsInLog = 0;
		};
/* End PBXShellScriptBuildPhase section */

/* Begin PBXSourcesBuildPhase section */
		7307879D1F42C3D400E2CF4A /* Sources */ = {
			isa = PBXSourcesBuildPhase;
			buildActionMask = 2147483647;
			files = (
				730787A71F42C3D400E2CF4A /* ViewController.swift in Sources */,
				73A4AC191F7B0A8F00E7D163 /* SaveComicModel.swift in Sources */,
				737B17701F969103006ED75A /* Reachability.swift in Sources */,
				730787BD1F43D57200E2CF4A /* ComicHelper.swift in Sources */,
				73A4AC171F7AB15B00E7D163 /* UITableViewVibrantCell.swift in Sources */,
				730787B71F42C7A900E2CF4A /* APIDataHelper.swift in Sources */,
				73E8E03D1F79C737000B1FE5 /* CustomCellTableViewCell.swift in Sources */,
				73A4AC151F7AADC000E7D163 /* SideMenuController.swift in Sources */,
				730787A51F42C3D400E2CF4A /* AppDelegate.swift in Sources */,
				73E8E03F1F79C850000B1FE5 /* CustomTableController.swift in Sources */,
				730787B91F42CD0200E2CF4A /* ComicModel.swift in Sources */,
				730787BF1F44172D00E2CF4A /* ViewController2.swift in Sources */,
			);
			runOnlyForDeploymentPostprocessing = 0;
		};
/* End PBXSourcesBuildPhase section */

/* Begin PBXVariantGroup section */
		730787A81F42C3D400E2CF4A /* Main.storyboard */ = {
			isa = PBXVariantGroup;
			children = (
				730787A91F42C3D400E2CF4A /* Base */,
			);
			name = Main.storyboard;
			sourceTree = "<group>";
		};
		730787AD1F42C3D400E2CF4A /* LaunchScreen.storyboard */ = {
			isa = PBXVariantGroup;
			children = (
				730787AE1F42C3D400E2CF4A /* Base */,
			);
			name = LaunchScreen.storyboard;
			sourceTree = "<group>";
		};
/* End PBXVariantGroup section */

/* Begin XCBuildConfiguration section */
		730787B11F42C3D400E2CF4A /* Debug */ = {
			isa = XCBuildConfiguration;
			buildSettings = {
				ALWAYS_SEARCH_USER_PATHS = NO;
				CLANG_ANALYZER_NONNULL = YES;
				CLANG_ANALYZER_NUMBER_OBJECT_CONVERSION = YES_AGGRESSIVE;
				CLANG_CXX_LANGUAGE_STANDARD = "gnu++0x";
				CLANG_CXX_LIBRARY = "libc++";
				CLANG_ENABLE_MODULES = YES;
				CLANG_ENABLE_OBJC_ARC = YES;
				CLANG_WARN_BOOL_CONVERSION = YES;
				CLANG_WARN_CONSTANT_CONVERSION = YES;
				CLANG_WARN_DIRECT_OBJC_ISA_USAGE = YES_ERROR;
				CLANG_WARN_DOCUMENTATION_COMMENTS = YES;
				CLANG_WARN_EMPTY_BODY = YES;
				CLANG_WARN_ENUM_CONVERSION = YES;
				CLANG_WARN_INFINITE_RECURSION = YES;
				CLANG_WARN_INT_CONVERSION = YES;
				CLANG_WARN_OBJC_ROOT_CLASS = YES_ERROR;
				CLANG_WARN_SUSPICIOUS_MOVE = YES;
				CLANG_WARN_UNREACHABLE_CODE = YES;
				CLANG_WARN__DUPLICATE_METHOD_MATCH = YES;
				"CODE_SIGN_IDENTITY[sdk=iphoneos*]" = "iPhone Developer";
				COPY_PHASE_STRIP = NO;
				DEBUG_INFORMATION_FORMAT = dwarf;
				ENABLE_STRICT_OBJC_MSGSEND = YES;
				ENABLE_TESTABILITY = YES;
				GCC_C_LANGUAGE_STANDARD = gnu99;
				GCC_DYNAMIC_NO_PIC = NO;
				GCC_NO_COMMON_BLOCKS = YES;
				GCC_OPTIMIZATION_LEVEL = 0;
				GCC_PREPROCESSOR_DEFINITIONS = (
					"DEBUG=1",
					"$(inherited)",
				);
				GCC_WARN_64_TO_32_BIT_CONVERSION = YES;
				GCC_WARN_ABOUT_RETURN_TYPE = YES_ERROR;
				GCC_WARN_UNDECLARED_SELECTOR = YES;
				GCC_WARN_UNINITIALIZED_AUTOS = YES_AGGRESSIVE;
				GCC_WARN_UNUSED_FUNCTION = YES;
				GCC_WARN_UNUSED_VARIABLE = YES;
				IPHONEOS_DEPLOYMENT_TARGET = 10.3;
				MTL_ENABLE_DEBUG_INFO = YES;
				ONLY_ACTIVE_ARCH = YES;
				SDKROOT = iphoneos;
				SWIFT_ACTIVE_COMPILATION_CONDITIONS = DEBUG;
				SWIFT_OPTIMIZATION_LEVEL = "-Onone";
				TARGETED_DEVICE_FAMILY = "1,2";
			};
			name = Debug;
		};
		730787B21F42C3D400E2CF4A /* Release */ = {
			isa = XCBuildConfiguration;
			buildSettings = {
				ALWAYS_SEARCH_USER_PATHS = NO;
				CLANG_ANALYZER_NONNULL = YES;
				CLANG_ANALYZER_NUMBER_OBJECT_CONVERSION = YES_AGGRESSIVE;
				CLANG_CXX_LANGUAGE_STANDARD = "gnu++0x";
				CLANG_CXX_LIBRARY = "libc++";
				CLANG_ENABLE_MODULES = YES;
				CLANG_ENABLE_OBJC_ARC = YES;
				CLANG_WARN_BOOL_CONVERSION = YES;
				CLANG_WARN_CONSTANT_CONVERSION = YES;
				CLANG_WARN_DIRECT_OBJC_ISA_USAGE = YES_ERROR;
				CLANG_WARN_DOCUMENTATION_COMMENTS = YES;
				CLANG_WARN_EMPTY_BODY = YES;
				CLANG_WARN_ENUM_CONVERSION = YES;
				CLANG_WARN_INFINITE_RECURSION = YES;
				CLANG_WARN_INT_CONVERSION = YES;
				CLANG_WARN_OBJC_ROOT_CLASS = YES_ERROR;
				CLANG_WARN_SUSPICIOUS_MOVE = YES;
				CLANG_WARN_UNREACHABLE_CODE = YES;
				CLANG_WARN__DUPLICATE_METHOD_MATCH = YES;
				"CODE_SIGN_IDENTITY[sdk=iphoneos*]" = "iPhone Developer";
				COPY_PHASE_STRIP = NO;
				DEBUG_INFORMATION_FORMAT = "dwarf-with-dsym";
				ENABLE_NS_ASSERTIONS = NO;
				ENABLE_STRICT_OBJC_MSGSEND = YES;
				GCC_C_LANGUAGE_STANDARD = gnu99;
				GCC_NO_COMMON_BLOCKS = YES;
				GCC_WARN_64_TO_32_BIT_CONVERSION = YES;
				GCC_WARN_ABOUT_RETURN_TYPE = YES_ERROR;
				GCC_WARN_UNDECLARED_SELECTOR = YES;
				GCC_WARN_UNINITIALIZED_AUTOS = YES_AGGRESSIVE;
				GCC_WARN_UNUSED_FUNCTION = YES;
				GCC_WARN_UNUSED_VARIABLE = YES;
				IPHONEOS_DEPLOYMENT_TARGET = 10.3;
				MTL_ENABLE_DEBUG_INFO = NO;
				SDKROOT = iphoneos;
				SWIFT_OPTIMIZATION_LEVEL = "-Owholemodule";
				TARGETED_DEVICE_FAMILY = "1,2";
				VALIDATE_PRODUCT = YES;
			};
			name = Release;
		};
		730787B41F42C3D400E2CF4A /* Debug */ = {
			isa = XCBuildConfiguration;
			baseConfigurationReference = A8887094BD002A36FC190303 /* Pods-xkcd.debug.xcconfig */;
			buildSettings = {
				ASSETCATALOG_COMPILER_APPICON_NAME = AppIcon;
				DEVELOPMENT_TEAM = D9SM2E3J2H;
				INFOPLIST_FILE = xkcd/Info.plist;
				IPHONEOS_DEPLOYMENT_TARGET = 10.3;
				LD_RUNPATH_SEARCH_PATHS = "$(inherited) @executable_path/Frameworks";
				PRODUCT_BUNDLE_IDENTIFIER = com.app.xkcd;
				PRODUCT_NAME = "$(TARGET_NAME)";
				SWIFT_VERSION = 3.0;
			};
			name = Debug;
		};
		730787B51F42C3D400E2CF4A /* Release */ = {
			isa = XCBuildConfiguration;
			baseConfigurationReference = 94A220B4A4DA1690B868E355 /* Pods-xkcd.release.xcconfig */;
			buildSettings = {
				ASSETCATALOG_COMPILER_APPICON_NAME = AppIcon;
				DEVELOPMENT_TEAM = D9SM2E3J2H;
				INFOPLIST_FILE = xkcd/Info.plist;
				IPHONEOS_DEPLOYMENT_TARGET = 10.3;
				LD_RUNPATH_SEARCH_PATHS = "$(inherited) @executable_path/Frameworks";
				PRODUCT_BUNDLE_IDENTIFIER = com.app.xkcd;
				PRODUCT_NAME = "$(TARGET_NAME)";
				SWIFT_VERSION = 3.0;
			};
			name = Release;
		};
/* End XCBuildConfiguration section */

/* Begin XCConfigurationList section */
		7307879C1F42C3D400E2CF4A /* Build configuration list for PBXProject "xkcd" */ = {
			isa = XCConfigurationList;
			buildConfigurations = (
				730787B11F42C3D400E2CF4A /* Debug */,
				730787B21F42C3D400E2CF4A /* Release */,
			);
			defaultConfigurationIsVisible = 0;
			defaultConfigurationName = Release;
		};
		730787B31F42C3D400E2CF4A /* Build configuration list for PBXNativeTarget "xkcd" */ = {
			isa = XCConfigurationList;
			buildConfigurations = (
				730787B41F42C3D400E2CF4A /* Debug */,
				730787B51F42C3D400E2CF4A /* Release */,
			);
			defaultConfigurationIsVisible = 0;
			defaultConfigurationName = Release;
		};
/* End XCConfigurationList section */
	};
	rootObject = 730787991F42C3D400E2CF4A /* Project object */;
}
